
Microsoft Visual Studio Solution File, Format Version 12.00
# Visual Studio Version 16
VisualStudioVersion = 16.0.29920.165
MinimumVisualStudioVersion = 10.0.40219.1
Project("{FAE04EC0-301F-11D3-BF4B-00C04F79EFBC}") = "GitHubTest", "GitHubTest\GitHubTest.csproj", "{38539D73-F2FE-43CB-9AE1-3ECD595FC19B}"
EndProject
Global
	GlobalSection(SolutionConfigurationPlatforms) = preSolution
		Debug|Any CPU = Debug|Any CPU
		Release|Any CPU = Release|Any CPU
	EndGlobalSection
	GlobalSection(ProjectConfigurationPlatforms) = postSolution
		{38539D73-F2FE-43CB-9AE1-3ECD595FC19B}.Debug|Any CPU.ActiveCfg = Debug|Any CPU
		{38539D73-F2FE-43CB-9AE1-3ECD595FC19B}.Debug|Any CPU.Build.0 = Debug|Any CPU
		{38539D73-F2FE-43CB-9AE1-3ECD595FC19B}.Release|Any CPU.ActiveCfg = Release|Any CPU
		{38539D73-F2FE-43CB-9AE1-3ECD595FC19B}.Release|Any CPU.Build.0 = Release|Any CPU
	EndGlobalSection
	GlobalSection(SolutionProperties) = preSolution
		HideSolutionNode = FALSE
	EndGlobalSection
	GlobalSection(ExtensibilityGlobals) = postSolution
		SolutionGuid = {AD837847-47E0-44BE-A9B5-296C4994FF1E}
	EndGlobalSection
EndGlobal
